// !$*UTF8*$!
{
	archiveVersion = 1;
	classes = {
	};
	objectVersion = 77;
	objects = {

/* Begin PBXBuildFile section */
		FA9DFF112F134DBD00CAAC8C /* awesome_notchApp.swift in Sources */ = {isa = PBXBuildFile; fileRef = FA9DFF092F134DBD00CAAC8C /* awesome_notchApp.swift */; };
		FA9DFF132F134DBD00CAAC8C /* MusicManager.swift in Sources */ = {isa = PBXBuildFile; fileRef = FA9DFEF72F134DBD00CAAC8C /* MusicManager.swift */; };
		FA9DFF142F134DBD00CAAC8C /* AudioSpectrum.swift in Sources */ = {isa = PBXBuildFile; fileRef = FA9DFEF62F134DBD00CAAC8C /* AudioSpectrum.swift */; };
		FA9DFF152F134DBD00CAAC8C /* HomeView.swift in Sources */ = {isa = PBXBuildFile; fileRef = FA9DFF052F134DBD00CAAC8C /* HomeView.swift */; };
		FA9DFF162F134DBD00CAAC8C /* NotchTabs.swift in Sources */ = {isa = PBXBuildFile; fileRef = FA9DFF062F134DBD00CAAC8C /* NotchTabs.swift */; };
		FA9DFF172F134DBD00CAAC8C /* TrackingView.swift in Sources */ = {isa = PBXBuildFile; fileRef = FA9DFF022F134DBD00CAAC8C /* TrackingView.swift */; };
		FA9DFF182F134DBD00CAAC8C /* GetNotchDimension.swift in Sources */ = {isa = PBXBuildFile; fileRef = FA9DFF012F134DBD00CAAC8C /* GetNotchDimension.swift */; };
		FA9DFF192F134DBD00CAAC8C /* SettingsView.swift in Sources */ = {isa = PBXBuildFile; fileRef = FA9DFF072F134DBD00CAAC8C /* SettingsView.swift */; };
		FA9DFF1D2F134DBD00CAAC8C /* FileView.swift in Sources */ = {isa = PBXBuildFile; fileRef = FA9DFF042F134DBD00CAAC8C /* FileView.swift */; };
		FA9DFF1F2F134DBD00CAAC8C /* Assets.xcassets in Resources */ = {isa = PBXBuildFile; fileRef = FA9DFEFF2F134DBD00CAAC8C /* Assets.xcassets */; };
		FA9DFF202F134DBD00CAAC8C /* README.md in Resources */ = {isa = PBXBuildFile; fileRef = FA9DFF0E2F134DBD00CAAC8C /* README.md */; };
		FA9DFF462F140CBD00CAAC8C /* ShelfItem.swift in Sources */ = {isa = PBXBuildFile; fileRef = FA9DFF422F140CBD00CAAC8C /* ShelfItem.swift */; };
		FA9DFF472F140CBD00CAAC8C /* ShelfManager.swift in Sources */ = {isa = PBXBuildFile; fileRef = FA9DFF402F140CBD00CAAC8C /* ShelfManager.swift */; };
		FA9DFF482F140CBD00CAAC8C /* NotchShelfView.swift in Sources */ = {isa = PBXBuildFile; fileRef = FA9DFF442F140CBD00CAAC8C /* NotchShelfView.swift */; };
		FAB470482F18AD0800CA9C0E /* AirDropZoneView.swift in Sources */ = {isa = PBXBuildFile; fileRef = FAB470472F18ACFD00CA9C0E /* AirDropZoneView.swift */; };
		FAB470522F18F2BA00CA9C0E /* AirDropManager.swift in Sources */ = {isa = PBXBuildFile; fileRef = FAB470512F18F2BA00CA9C0E /* AirDropManager.swift */; };
/* End PBXBuildFile section */

/* Begin PBXFileReference section */
		FA5455B92F0F968E00531A45 /* awesome-notch.app */ = {isa = PBXFileReference; explicitFileType = wrapper.application; includeInIndex = 0; path = "awesome-notch.app"; sourceTree = BUILT_PRODUCTS_DIR; };
		FA9DFEF62F134DBD00CAAC8C /* AudioSpectrum.swift */ = {isa = PBXFileReference; lastKnownFileType = sourcecode.swift; path = AudioSpectrum.swift; sourceTree = "<group>"; };
		FA9DFEF72F134DBD00CAAC8C /* MusicManager.swift */ = {isa = PBXFileReference; lastKnownFileType = sourcecode.swift; path = MusicManager.swift; sourceTree = "<group>"; };
		FA9DFEFF2F134DBD00CAAC8C /* Assets.xcassets */ = {isa = PBXFileReference; lastKnownFileType = folder.assetcatalog; path = Assets.xcassets; sourceTree = "<group>"; };
		FA9DFF012F134DBD00CAAC8C /* GetNotchDimension.swift */ = {isa = PBXFileReference; lastKnownFileType = sourcecode.swift; path = GetNotchDimension.swift; sourceTree = "<group>"; };
		FA9DFF022F134DBD00CAAC8C /* TrackingView.swift */ = {isa = PBXFileReference; lastKnownFileType = sourcecode.swift; path = TrackingView.swift; sourceTree = "<group>"; };
		FA9DFF042F134DBD00CAAC8C /* FileView.swift */ = {isa = PBXFileReference; lastKnownFileType = sourcecode.swift; path = FileView.swift; sourceTree = "<group>"; };
		FA9DFF052F134DBD00CAAC8C /* HomeView.swift */ = {isa = PBXFileReference; lastKnownFileType = sourcecode.swift; path = HomeView.swift; sourceTree = "<group>"; };
		FA9DFF062F134DBD00CAAC8C /* NotchTabs.swift */ = {isa = PBXFileReference; lastKnownFileType = sourcecode.swift; path = NotchTabs.swift; sourceTree = "<group>"; };
		FA9DFF072F134DBD00CAAC8C /* SettingsView.swift */ = {isa = PBXFileReference; lastKnownFileType = sourcecode.swift; path = SettingsView.swift; sourceTree = "<group>"; };
		FA9DFF092F134DBD00CAAC8C /* awesome_notchApp.swift */ = {isa = PBXFileReference; lastKnownFileType = sourcecode.swift; path = awesome_notchApp.swift; sourceTree = "<group>"; };
		FA9DFF0D2F134DBD00CAAC8C /* awesome-notch.xcodeproj */ = {isa = PBXFileReference; lastKnownFileType = "wrapper.pb-project"; path = "awesome-notch.xcodeproj"; sourceTree = "<group>"; };
		FA9DFF0E2F134DBD00CAAC8C /* README.md */ = {isa = PBXFileReference; lastKnownFileType = net.daringfireball.markdown; path = README.md; sourceTree = "<group>"; };
		FA9DFF402F140CBD00CAAC8C /* ShelfManager.swift */ = {isa = PBXFileReference; lastKnownFileType = sourcecode.swift; path = ShelfManager.swift; sourceTree = "<group>"; };
		FA9DFF422F140CBD00CAAC8C /* ShelfItem.swift */ = {isa = PBXFileReference; lastKnownFileType = sourcecode.swift; path = ShelfItem.swift; sourceTree = "<group>"; };
		FA9DFF442F140CBD00CAAC8C /* NotchShelfView.swift */ = {isa = PBXFileReference; lastKnownFileType = sourcecode.swift; path = NotchShelfView.swift; sourceTree = "<group>"; };
		FAB470472F18ACFD00CA9C0E /* AirDropZoneView.swift */ = {isa = PBXFileReference; lastKnownFileType = sourcecode.swift; path = AirDropZoneView.swift; sourceTree = "<group>"; };
		FAB470512F18F2BA00CA9C0E /* AirDropManager.swift */ = {isa = PBXFileReference; lastKnownFileType = sourcecode.swift; path = AirDropManager.swift; sourceTree = "<group>"; };
/* End PBXFileReference section */

/* Begin PBXFileSystemSynchronizedRootGroup section */
		FA9DFF4C2F14123200CAAC8C /* view */ = {
			isa = PBXFileSystemSynchronizedRootGroup;
			path = view;
			sourceTree = "<group>";
		};
		FA9DFF4D2F14124200CAAC8C /* manager */ = {
			isa = PBXFileSystemSynchronizedRootGroup;
			path = manager;
			sourceTree = "<group>";
		};
		FAA7BA622F19624600807680 /* release */ = {
			isa = PBXFileSystemSynchronizedRootGroup;
			path = release;
			sourceTree = "<group>";
		};
		FAA7BA812F1D3A1E00807680 /* setting */ = {
			isa = PBXFileSystemSynchronizedRootGroup;
			path = setting;
			sourceTree = "<group>";
		};
/* End PBXFileSystemSynchronizedRootGroup section */

/* Begin PBXFrameworksBuildPhase section */
		FA5455B62F0F968E00531A45 /* Frameworks */ = {
			isa = PBXFrameworksBuildPhase;
			buildActionMask = 2147483647;
			files = (
			);
			runOnlyForDeploymentPostprocessing = 0;
		};
/* End PBXFrameworksBuildPhase section */

/* Begin PBXGroup section */
		FA5455B02F0F968E00531A45 = {
			isa = PBXGroup;
			children = (
				FA9DFF0C2F134DBD00CAAC8C /* awesome-notch */,
				FA9DFF0D2F134DBD00CAAC8C /* awesome-notch.xcodeproj */,
				FA9DFF0E2F134DBD00CAAC8C /* README.md */,
				FA5455BA2F0F968E00531A45 /* Products */,
			);
			sourceTree = "<group>";
		};
		FA5455BA2F0F968E00531A45 /* Products */ = {
			isa = PBXGroup;
			children = (
				FA5455B92F0F968E00531A45 /* awesome-notch.app */,
			);
			name = Products;
			sourceTree = "<group>";
		};
		FA9DFEF92F134DBD00CAAC8C /* mediaContol */ = {
			isa = PBXGroup;
			children = (
				FA9DFEF62F134DBD00CAAC8C /* AudioSpectrum.swift */,
				FA9DFEF72F134DBD00CAAC8C /* MusicManager.swift */,
			);
			path = mediaContol;
			sourceTree = "<group>";
		};
		FA9DFEFD2F134DBD00CAAC8C /* notch */ = {
			isa = PBXGroup;
			children = (
				FA9DFF4D2F14124200CAAC8C /* manager */,
				FA9DFF4C2F14123200CAAC8C /* view */,
			);
			path = notch;
			sourceTree = "<group>";
		};
		FA9DFEFE2F134DBD00CAAC8C /* components */ = {
			isa = PBXGroup;
			children = (
				FAA7BA812F1D3A1E00807680 /* setting */,
				FA9DFEF92F134DBD00CAAC8C /* mediaContol */,
				FA9DFEFD2F134DBD00CAAC8C /* notch */,
				FA9DFF452F140CBD00CAAC8C /* fileShelf */,
			);
			path = components;
			sourceTree = "<group>";
		};
		FA9DFF002F134DBD00CAAC8C /* resource */ = {
			isa = PBXGroup;
			children = (
				FA9DFEFF2F134DBD00CAAC8C /* Assets.xcassets */,
			);
			path = resource;
			sourceTree = "<group>";
		};
		FA9DFF032F134DBD00CAAC8C /* utils */ = {
			isa = PBXGroup;
			children = (
				FA9DFF012F134DBD00CAAC8C /* GetNotchDimension.swift */,
				FA9DFF022F134DBD00CAAC8C /* TrackingView.swift */,
			);
			path = utils;
			sourceTree = "<group>";
		};
		FA9DFF082F134DBD00CAAC8C /* view */ = {
			isa = PBXGroup;
			children = (
				FA9DFF042F134DBD00CAAC8C /* FileView.swift */,
				FA9DFF052F134DBD00CAAC8C /* HomeView.swift */,
				FA9DFF062F134DBD00CAAC8C /* NotchTabs.swift */,
				FA9DFF072F134DBD00CAAC8C /* SettingsView.swift */,
			);
			path = view;
			sourceTree = "<group>";
		};
		FA9DFF0C2F134DBD00CAAC8C /* awesome-notch */ = {
			isa = PBXGroup;
			children = (
				FAA7BA622F19624600807680 /* release */,
				FA9DFEFE2F134DBD00CAAC8C /* components */,
				FA9DFF002F134DBD00CAAC8C /* resource */,
				FA9DFF032F134DBD00CAAC8C /* utils */,
				FA9DFF082F134DBD00CAAC8C /* view */,
				FA9DFF092F134DBD00CAAC8C /* awesome_notchApp.swift */,
			);
			path = "awesome-notch";
			sourceTree = "<group>";
		};
		FA9DFF0F2F134DBD00CAAC8C /* Products */ = {
			isa = PBXGroup;
			name = Products;
			sourceTree = "<group>";
		};
		FA9DFF412F140CBD00CAAC8C /* manager */ = {
			isa = PBXGroup;
			children = (
				FAB470512F18F2BA00CA9C0E /* AirDropManager.swift */,
				FA9DFF402F140CBD00CAAC8C /* ShelfManager.swift */,
			);
			path = manager;
			sourceTree = "<group>";
		};
		FA9DFF432F140CBD00CAAC8C /* model */ = {
			isa = PBXGroup;
			children = (
				FA9DFF422F140CBD00CAAC8C /* ShelfItem.swift */,
			);
			path = model;
			sourceTree = "<group>";
		};
		FA9DFF452F140CBD00CAAC8C /* fileShelf */ = {
			isa = PBXGroup;
			children = (
				FA9DFF492F14101500CAAC8C /* view */,
				FA9DFF412F140CBD00CAAC8C /* manager */,
				FA9DFF432F140CBD00CAAC8C /* model */,
			);
			path = fileShelf;
			sourceTree = "<group>";
		};
		FA9DFF492F14101500CAAC8C /* view */ = {
			isa = PBXGroup;
			children = (
				FAB470472F18ACFD00CA9C0E /* AirDropZoneView.swift */,
				FA9DFF442F140CBD00CAAC8C /* NotchShelfView.swift */,
			);
			path = view;
			sourceTree = "<group>";
		};
/* End PBXGroup section */

/* Begin PBXNativeTarget section */
		FA5455B82F0F968E00531A45 /* awesome-notch */ = {
			isa = PBXNativeTarget;
			buildConfigurationList = FA5455C42F0F969000531A45 /* Build configuration list for PBXNativeTarget "awesome-notch" */;
			buildPhases = (
				FA5455B52F0F968E00531A45 /* Sources */,
				FA5455B62F0F968E00531A45 /* Frameworks */,
				FA5455B72F0F968E00531A45 /* Resources */,
			);
			buildRules = (
			);
			dependencies = (
			);
			fileSystemSynchronizedGroups = (
				FA9DFF4C2F14123200CAAC8C /* view */,
				FA9DFF4D2F14124200CAAC8C /* manager */,
				FAA7BA622F19624600807680 /* release */,
				FAA7BA812F1D3A1E00807680 /* setting */,
			);
			name = "awesome-notch";
			packageProductDependencies = (
			);
			productName = "awesome-notch";
			productReference = FA5455B92F0F968E00531A45 /* awesome-notch.app */;
			productType = "com.apple.product-type.application";
		};
/* End PBXNativeTarget section */

/* Begin PBXProject section */
		FA5455B12F0F968E00531A45 /* Project object */ = {
			isa = PBXProject;
			attributes = {
				BuildIndependentTargetsInParallel = 1;
				LastSwiftUpdateCheck = 2600;
				LastUpgradeCheck = 2600;
				TargetAttributes = {
					FA5455B82F0F968E00531A45 = {
						CreatedOnToolsVersion = 26.0.1;
					};
				};
			};
			buildConfigurationList = FA5455B42F0F968E00531A45 /* Build configuration list for PBXProject "awesome-notch" */;
			developmentRegion = en;
			hasScannedForEncodings = 0;
			knownRegions = (
				en,
				Base,
			);
			mainGroup = FA5455B02F0F968E00531A45;
			minimizedProjectReferenceProxies = 1;
			preferredProjectObjectVersion = 77;
			productRefGroup = FA5455BA2F0F968E00531A45 /* Products */;
			projectDirPath = "";
			projectReferences = (
				{
					ProductGroup = FA9DFF0F2F134DBD00CAAC8C /* Products */;
					ProjectRef = FA9DFF0D2F134DBD00CAAC8C /* awesome-notch.xcodeproj */;
				},
			);
			projectRoot = "";
			targets = (
				FA5455B82F0F968E00531A45 /* awesome-notch */,
			);
		};
/* End PBXProject section */

/* Begin PBXResourcesBuildPhase section */
		FA5455B72F0F968E00531A45 /* Resources */ = {
			isa = PBXResourcesBuildPhase;
			buildActionMask = 2147483647;
			files = (
				FA9DFF1F2F134DBD00CAAC8C /* Assets.xcassets in Resources */,
				FA9DFF202F134DBD00CAAC8C /* README.md in Resources */,
			);
			runOnlyForDeploymentPostprocessing = 0;
		};
/* End PBXResourcesBuildPhase section */

/* Begin PBXSourcesBuildPhase section */
		FA5455B52F0F968E00531A45 /* Sources */ = {
			isa = PBXSourcesBuildPhase;
			buildActionMask = 2147483647;
			files = (
				FA9DFF462F140CBD00CAAC8C /* ShelfItem.swift in Sources */,
				FA9DFF472F140CBD00CAAC8C /* ShelfManager.swift in Sources */,
				FA9DFF112F134DBD00CAAC8C /* awesome_notchApp.swift in Sources */,
				FA9DFF482F140CBD00CAAC8C /* NotchShelfView.swift in Sources */,
				FA9DFF132F134DBD00CAAC8C /* MusicManager.swift in Sources */,
				FA9DFF142F134DBD00CAAC8C /* AudioSpectrum.swift in Sources */,
				FA9DFF152F134DBD00CAAC8C /* HomeView.swift in Sources */,
				FA9DFF162F134DBD00CAAC8C /* NotchTabs.swift in Sources */,
				FA9DFF172F134DBD00CAAC8C /* TrackingView.swift in Sources */,
				FAB470482F18AD0800CA9C0E /* AirDropZoneView.swift in Sources */,
				FAB470522F18F2BA00CA9C0E /* AirDropManager.swift in Sources */,
				FA9DFF182F134DBD00CAAC8C /* GetNotchDimension.swift in Sources */,
				FA9DFF192F134DBD00CAAC8C /* SettingsView.swift in Sources */,
				FA9DFF1D2F134DBD00CAAC8C /* FileView.swift in Sources */,
			);
			runOnlyForDeploymentPostprocessing = 0;
		};
/* End PBXSourcesBuildPhase section */

/* Begin XCBuildConfiguration section */
		FA5455C22F0F969000531A45 /* Debug */ = {
			isa = XCBuildConfiguration;
			buildSettings = {
				ALWAYS_SEARCH_USER_PATHS = NO;
				ASSETCATALOG_COMPILER_GENERATE_SWIFT_ASSET_SYMBOL_EXTENSIONS = YES;
				CLANG_ANALYZER_NONNULL = YES;
				CLANG_ANALYZER_NUMBER_OBJECT_CONVERSION = YES_AGGRESSIVE;
				CLANG_CXX_LANGUAGE_STANDARD = "gnu++20";
				CLANG_ENABLE_MODULES = YES;
				CLANG_ENABLE_OBJC_ARC = YES;
				CLANG_ENABLE_OBJC_WEAK = YES;
				CLANG_WARN_BLOCK_CAPTURE_AUTORELEASING = YES;
				CLANG_WARN_BOOL_CONVERSION = YES;
				CLANG_WARN_COMMA = YES;
				CLANG_WARN_CONSTANT_CONVERSION = YES;
				CLANG_WARN_DEPRECATED_OBJC_IMPLEMENTATIONS = YES;
				CLANG_WARN_DIRECT_OBJC_ISA_USAGE = YES_ERROR;
				CLANG_WARN_DOCUMENTATION_COMMENTS = YES;
				CLANG_WARN_EMPTY_BODY = YES;
				CLANG_WARN_ENUM_CONVERSION = YES;
				CLANG_WARN_INFINITE_RECURSION = YES;
				CLANG_WARN_INT_CONVERSION = YES;
				CLANG_WARN_NON_LITERAL_NULL_CONVERSION = YES;
				CLANG_WARN_OBJC_IMPLICIT_RETAIN_SELF = YES;
				CLANG_WARN_OBJC_LITERAL_CONVERSION = YES;
				CLANG_WARN_OBJC_ROOT_CLASS = YES_ERROR;
				CLANG_WARN_QUOTED_INCLUDE_IN_FRAMEWORK_HEADER = YES;
				CLANG_WARN_RANGE_LOOP_ANALYSIS = YES;
				CLANG_WARN_STRICT_PROTOTYPES = YES;
				CLANG_WARN_SUSPICIOUS_MOVE = YES;
				CLANG_WARN_UNGUARDED_AVAILABILITY = YES_AGGRESSIVE;
				CLANG_WARN_UNREACHABLE_CODE = YES;
				CLANG_WARN__DUPLICATE_METHOD_MATCH = YES;
				COPY_PHASE_STRIP = NO;
				DEBUG_INFORMATION_FORMAT = dwarf;
				DEVELOPMENT_TEAM = TPNLG43MX4;
				ENABLE_STRICT_OBJC_MSGSEND = YES;
				ENABLE_TESTABILITY = YES;
				ENABLE_USER_SCRIPT_SANDBOXING = YES;
				GCC_C_LANGUAGE_STANDARD = gnu17;
				GCC_DYNAMIC_NO_PIC = NO;
				GCC_NO_COMMON_BLOCKS = YES;
				GCC_OPTIMIZATION_LEVEL = 0;
				GCC_PREPROCESSOR_DEFINITIONS = (
					"DEBUG=1",
					"$(inherited)",
				);
				GCC_WARN_64_TO_32_BIT_CONVERSION = YES;
				GCC_WARN_ABOUT_RETURN_TYPE = YES_ERROR;
				GCC_WARN_UNDECLARED_SELECTOR = YES;
				GCC_WARN_UNINITIALIZED_AUTOS = YES_AGGRESSIVE;
				GCC_WARN_UNUSED_FUNCTION = YES;
				GCC_WARN_UNUSED_VARIABLE = YES;
				LOCALIZATION_PREFERS_STRING_CATALOGS = YES;
				MACOSX_DEPLOYMENT_TARGET = 26.0;
				MTL_ENABLE_DEBUG_INFO = INCLUDE_SOURCE;
				MTL_FAST_MATH = YES;
				ONLY_ACTIVE_ARCH = YES;
				SDKROOT = macosx;
				SWIFT_ACTIVE_COMPILATION_CONDITIONS = "DEBUG $(inherited)";
				SWIFT_OPTIMIZATION_LEVEL = "-Onone";
			};
			name = Debug;
		};
		FA5455C32F0F969000531A45 /* Release */ = {
			isa = XCBuildConfiguration;
			buildSettings = {
				ALWAYS_SEARCH_USER_PATHS = NO;
				ASSETCATALOG_COMPILER_GENERATE_SWIFT_ASSET_SYMBOL_EXTENSIONS = YES;
				CLANG_ANALYZER_NONNULL = YES;
				CLANG_ANALYZER_NUMBER_OBJECT_CONVERSION = YES_AGGRESSIVE;
				CLANG_CXX_LANGUAGE_STANDARD = "gnu++20";
				CLANG_ENABLE_MODULES = YES;
				CLANG_ENABLE_OBJC_ARC = YES;
				CLANG_ENABLE_OBJC_WEAK = YES;
				CLANG_WARN_BLOCK_CAPTURE_AUTORELEASING = YES;
				CLANG_WARN_BOOL_CONVERSION = YES;
				CLANG_WARN_COMMA = YES;
				CLANG_WARN_CONSTANT_CONVERSION = YES;
				CLANG_WARN_DEPRECATED_OBJC_IMPLEMENTATIONS = YES;
				CLANG_WARN_DIRECT_OBJC_ISA_USAGE = YES_ERROR;
				CLANG_WARN_DOCUMENTATION_COMMENTS = YES;
				CLANG_WARN_EMPTY_BODY = YES;
				CLANG_WARN_ENUM_CONVERSION = YES;
				CLANG_WARN_INFINITE_RECURSION = YES;
				CLANG_WARN_INT_CONVERSION = YES;
				CLANG_WARN_NON_LITERAL_NULL_CONVERSION = YES;
				CLANG_WARN_OBJC_IMPLICIT_RETAIN_SELF = YES;
				CLANG_WARN_OBJC_LITERAL_CONVERSION = YES;
				CLANG_WARN_OBJC_ROOT_CLASS = YES_ERROR;
				CLANG_WARN_QUOTED_INCLUDE_IN_FRAMEWORK_HEADER = YES;
				CLANG_WARN_RANGE_LOOP_ANALYSIS = YES;
				CLANG_WARN_STRICT_PROTOTYPES = YES;
				CLANG_WARN_SUSPICIOUS_MOVE = YES;
				CLANG_WARN_UNGUARDED_AVAILABILITY = YES_AGGRESSIVE;
				CLANG_WARN_UNREACHABLE_CODE = YES;
				CLANG_WARN__DUPLICATE_METHOD_MATCH = YES;
				COPY_PHASE_STRIP = NO;
				DEBUG_INFORMATION_FORMAT = "dwarf-with-dsym";
				DEVELOPMENT_TEAM = TPNLG43MX4;
				ENABLE_NS_ASSERTIONS = NO;
				ENABLE_STRICT_OBJC_MSGSEND = YES;
				ENABLE_USER_SCRIPT_SANDBOXING = YES;
				GCC_C_LANGUAGE_STANDARD = gnu17;
				GCC_NO_COMMON_BLOCKS = YES;
				GCC_WARN_64_TO_32_BIT_CONVERSION = YES;
				GCC_WARN_ABOUT_RETURN_TYPE = YES_ERROR;
				GCC_WARN_UNDECLARED_SELECTOR = YES;
				GCC_WARN_UNINITIALIZED_AUTOS = YES_AGGRESSIVE;
				GCC_WARN_UNUSED_FUNCTION = YES;
				GCC_WARN_UNUSED_VARIABLE = YES;
				LOCALIZATION_PREFERS_STRING_CATALOGS = YES;
				MACOSX_DEPLOYMENT_TARGET = 26.0;
				MTL_ENABLE_DEBUG_INFO = NO;
				MTL_FAST_MATH = YES;
				SDKROOT = macosx;
				SWIFT_COMPILATION_MODE = wholemodule;
			};
			name = Release;
		};
		FA5455C52F0F969000531A45 /* Debug */ = {
			isa = XCBuildConfiguration;
			buildSettings = {
				ASSETCATALOG_COMPILER_APPICON_NAME = AppIcon;
				ASSETCATALOG_COMPILER_GLOBAL_ACCENT_COLOR_NAME = AccentColor;
				CODE_SIGN_STYLE = Automatic;
				COMBINE_HIDPI_IMAGES = YES;
				CURRENT_PROJECT_VERSION = 1;
				DEVELOPMENT_TEAM = TPNLG43MX4;
				ENABLE_APP_SANDBOX = NO;
				ENABLE_HARDENED_RUNTIME = YES;
				ENABLE_PREVIEWS = YES;
				GENERATE_INFOPLIST_FILE = YES;
				INFOPLIST_FILE = "awesome-notch/Info.plist";
				INFOPLIST_KEY_LSUIElement = YES;
				INFOPLIST_KEY_NSHumanReadableCopyright = "";
				LD_RUNPATH_SEARCH_PATHS = (
					"$(inherited)",
					"@executable_path/../Frameworks",
				);
				MACOSX_DEPLOYMENT_TARGET = 15.6;
				MARKETING_VERSION = 1.1.0;
				PRODUCT_BUNDLE_IDENTIFIER = com.apple.ControlCenter;
				PRODUCT_NAME = "$(TARGET_NAME)";
				REGISTER_APP_GROUPS = YES;
				STRING_CATALOG_GENERATE_SYMBOLS = YES;
				SWIFT_APPROACHABLE_CONCURRENCY = YES;
				SWIFT_DEFAULT_ACTOR_ISOLATION = MainActor;
				SWIFT_EMIT_LOC_STRINGS = YES;
				SWIFT_UPCOMING_FEATURE_MEMBER_IMPORT_VISIBILITY = YES;
				SWIFT_VERSION = 5.0;
			};
			name = Debug;
		};
		FA5455C62F0F969000531A45 /* Release */ = {
			isa = XCBuildConfiguration;
			buildSettings = {
				ASSETCATALOG_COMPILER_APPICON_NAME = AppIcon;
				ASSETCATALOG_COMPILER_GLOBAL_ACCENT_COLOR_NAME = AccentColor;
				CODE_SIGN_STYLE = Automatic;
				COMBINE_HIDPI_IMAGES = YES;
				CURRENT_PROJECT_VERSION = 1;
				DEVELOPMENT_TEAM = TPNLG43MX4;
				ENABLE_APP_SANDBOX = NO;
				ENABLE_HARDENED_RUNTIME = YES;
				ENABLE_PREVIEWS = YES;
				GENERATE_INFOPLIST_FILE = YES;
				INFOPLIST_FILE = "awesome-notch/Info.plist";
				INFOPLIST_KEY_LSUIElement = YES;
				INFOPLIST_KEY_NSHumanReadableCopyright = "";
				LD_RUNPATH_SEARCH_PATHS = (
					"$(inherited)",
					"@executable_path/../Frameworks",
				);
				MACOSX_DEPLOYMENT_TARGET = 15.6;
				MARKETING_VERSION = 1.1.0;
				PRODUCT_BUNDLE_IDENTIFIER = com.apple.ControlCenter;
				PRODUCT_NAME = "$(TARGET_NAME)";
				REGISTER_APP_GROUPS = YES;
				STRING_CATALOG_GENERATE_SYMBOLS = YES;
				SWIFT_APPROACHABLE_CONCURRENCY = YES;
				SWIFT_DEFAULT_ACTOR_ISOLATION = MainActor;
				SWIFT_EMIT_LOC_STRINGS = YES;
				SWIFT_UPCOMING_FEATURE_MEMBER_IMPORT_VISIBILITY = YES;
				SWIFT_VERSION = 5.0;
			};
			name = Release;
		};
/* End XCBuildConfiguration section */

/* Begin XCConfigurationList section */
		FA5455B42F0F968E00531A45 /* Build configuration list for PBXProject "awesome-notch" */ = {
			isa = XCConfigurationList;
			buildConfigurations = (
				FA5455C22F0F969000531A45 /* Debug */,
				FA5455C32F0F969000531A45 /* Release */,
			);
			defaultConfigurationIsVisible = 0;
			defaultConfigurationName = Release;
		};
		FA5455C42F0F969000531A45 /* Build configuration list for PBXNativeTarget "awesome-notch" */ = {
			isa = XCConfigurationList;
			buildConfigurations = (
				FA5455C52F0F969000531A45 /* Debug */,
				FA5455C62F0F969000531A45 /* Release */,
			);
			defaultConfigurationIsVisible = 0;
			defaultConfigurationName = Release;
		};
/* End XCConfigurationList section */
	};
	rootObject = FA5455B12F0F968E00531A45 /* Project object */;
}
